
Microsoft Visual Studio Solution File, Format Version 12.00
# Visual Studio 2015
Project("{FAE04EC0-301F-11D3-BF4B-00C04F79EFBC}") = "autogen.CSharp", "autogen.CSharp.csproj", "{3BD77B82-7851-AFE0-F364-E69A9C27FBFD}"
EndProject
Project("{FAE04EC0-301F-11D3-BF4B-00C04F79EFBC}") = "autogen.CSharp.Editor", "autogen.CSharp.Editor.csproj", "{2E8CB843-15EA-2F16-CAE9-1B07004DE1D0}"
EndProject
Global
	GlobalSection(SolutionConfigurationPlatforms) = preSolution
		Debug|Any CPU = Debug|Any CPU
		Release|Any CPU = Release|Any CPU
	EndGlobalSection
	GlobalSection(ProjectConfigurationPlatforms) = postSolution
		{3BD77B82-7851-AFE0-F364-E69A9C27FBFD}.Debug|Any CPU.ActiveCfg = Debug|Any CPU
		{3BD77B82-7851-AFE0-F364-E69A9C27FBFD}.Debug|Any CPU.Build.0 = Debug|Any CPU
		{3BD77B82-7851-AFE0-F364-E69A9C27FBFD}.Release|Any CPU.ActiveCfg = Release|Any CPU
		{3BD77B82-7851-AFE0-F364-E69A9C27FBFD}.Release|Any CPU.Build.0 = Release|Any CPU
		{2E8CB843-15EA-2F16-CAE9-1B07004DE1D0}.Debug|Any CPU.ActiveCfg = Debug|Any CPU
		{2E8CB843-15EA-2F16-CAE9-1B07004DE1D0}.Debug|Any CPU.Build.0 = Debug|Any CPU
		{2E8CB843-15EA-2F16-CAE9-1B07004DE1D0}.Release|Any CPU.ActiveCfg = Release|Any CPU
		{2E8CB843-15EA-2F16-CAE9-1B07004DE1D0}.Release|Any CPU.Build.0 = Release|Any CPU
	EndGlobalSection
	GlobalSection(SolutionProperties) = preSolution
		HideSolutionNode = FALSE
	EndGlobalSection
EndGlobal
