
Microsoft Visual Studio Solution File, Format Version 12.00
# Visual Studio 2015
Project("{FAE04EC0-301F-11D3-BF4B-00C04F79EFBC}") = "Animation Control  with Survival.CSharp", "Animation Control  with Survival.CSharp.csproj", "{7F06A78C-5785-0843-4640-D35CD48195FC}"
EndProject
Project("{FAE04EC0-301F-11D3-BF4B-00C04F79EFBC}") = "Animation Control  with Survival.CSharp.Editor", "Animation Control  with Survival.CSharp.Editor.csproj", "{97AA97B7-3A65-55DC-6CF4-DB69DAFE1F63}"
EndProject
Global
	GlobalSection(SolutionConfigurationPlatforms) = preSolution
		Debug|Any CPU = Debug|Any CPU
		Release|Any CPU = Release|Any CPU
	EndGlobalSection
	GlobalSection(ProjectConfigurationPlatforms) = postSolution
		{7F06A78C-5785-0843-4640-D35CD48195FC}.Debug|Any CPU.ActiveCfg = Debug|Any CPU
		{7F06A78C-5785-0843-4640-D35CD48195FC}.Debug|Any CPU.Build.0 = Debug|Any CPU
		{7F06A78C-5785-0843-4640-D35CD48195FC}.Release|Any CPU.ActiveCfg = Release|Any CPU
		{7F06A78C-5785-0843-4640-D35CD48195FC}.Release|Any CPU.Build.0 = Release|Any CPU
		{97AA97B7-3A65-55DC-6CF4-DB69DAFE1F63}.Debug|Any CPU.ActiveCfg = Debug|Any CPU
		{97AA97B7-3A65-55DC-6CF4-DB69DAFE1F63}.Debug|Any CPU.Build.0 = Debug|Any CPU
		{97AA97B7-3A65-55DC-6CF4-DB69DAFE1F63}.Release|Any CPU.ActiveCfg = Release|Any CPU
		{97AA97B7-3A65-55DC-6CF4-DB69DAFE1F63}.Release|Any CPU.Build.0 = Release|Any CPU
	EndGlobalSection
	GlobalSection(SolutionProperties) = preSolution
		HideSolutionNode = FALSE
	EndGlobalSection
EndGlobal
